
Microsoft Visual Studio Solution File, Format Version 12.00
# Visual Studio Version 16
VisualStudioVersion = 16.0.31911.196
MinimumVisualStudioVersion = 10.0.40219.1
Project("{FAE04EC0-301F-11D3-BF4B-00C04F79EFBC}") = "JobAPI", "JobAPI\JobAPI.csproj", "{EC02F7D1-7DE5-401C-BCC1-4BB22A460EC0}"
EndProject
Project("{00D1A9C2-B5F0-4AF3-8072-F6C62B433612}") = "Jobs", "Jobs\Jobs.sqlproj", "{BAF56092-3CF2-4B6E-9577-03CF84612218}"
EndProject
Global
	GlobalSection(SolutionConfigurationPlatforms) = preSolution
		Debug|Any CPU = Debug|Any CPU
		Release|Any CPU = Release|Any CPU
	EndGlobalSection
	GlobalSection(ProjectConfigurationPlatforms) = postSolution
		{EC02F7D1-7DE5-401C-BCC1-4BB22A460EC0}.Debug|Any CPU.ActiveCfg = Debug|Any CPU
		{EC02F7D1-7DE5-401C-BCC1-4BB22A460EC0}.Debug|Any CPU.Build.0 = Debug|Any CPU
		{EC02F7D1-7DE5-401C-BCC1-4BB22A460EC0}.Release|Any CPU.ActiveCfg = Release|Any CPU
		{EC02F7D1-7DE5-401C-BCC1-4BB22A460EC0}.Release|Any CPU.Build.0 = Release|Any CPU
		{BAF56092-3CF2-4B6E-9577-03CF84612218}.Debug|Any CPU.ActiveCfg = Debug|Any CPU
		{BAF56092-3CF2-4B6E-9577-03CF84612218}.Debug|Any CPU.Build.0 = Debug|Any CPU
		{BAF56092-3CF2-4B6E-9577-03CF84612218}.Debug|Any CPU.Deploy.0 = Debug|Any CPU
		{BAF56092-3CF2-4B6E-9577-03CF84612218}.Release|Any CPU.ActiveCfg = Release|Any CPU
		{BAF56092-3CF2-4B6E-9577-03CF84612218}.Release|Any CPU.Build.0 = Release|Any CPU
		{BAF56092-3CF2-4B6E-9577-03CF84612218}.Release|Any CPU.Deploy.0 = Release|Any CPU
	EndGlobalSection
	GlobalSection(SolutionProperties) = preSolution
		HideSolutionNode = FALSE
	EndGlobalSection
	GlobalSection(ExtensibilityGlobals) = postSolution
		SolutionGuid = {4054A493-9FA8-4965-9414-2D6B56773156}
	EndGlobalSection
EndGlobal
